{
    "name": "dark-star-pro",
    "version": "1.0.0",
    "lockfileVersion": 2,
    "requires": true,
    "packages": {
        "Dark-Star-Pro": {
            "name": "dark-star-pro",
            "version": "2.0.0",
            "engines": {
                "vscode": "^1.63.0"
            }
        }
    }
}